{
    "_readme": [
        "This file locks the dependencies of your project to a known state",
        "Read more about it at https://getcomposer.org/doc/01-basic-usage.md#installing-dependencies",
        "This file is @generated automatically"
    ],
    "content-hash": "d32b6c5834960d7774b4707f7cb5bbc7",
    "packages": [
        {
            "name": "doctrine/annotations",
            "version": "v1.6.1",
            "source": {
                "type": "git",
                "url": "https://github.com/doctrine/annotations.git",
                "reference": "53120e0eb10355388d6ccbe462f1fea34ddadb24"
            },
            "dist": {
                "type": "zip",
                "url": "https://api.github.com/repos/doctrine/annotations/zipball/53120e0eb10355388d6ccbe462f1fea34ddadb24",
                "reference": "53120e0eb10355388d6ccbe462f1fea34ddadb24",
                "shasum": ""
            },
            "require": {
                "doctrine/lexer": "1.*",
                "php": "^7.1"
            },
            "require-dev": {
                "doctrine/cache": "1.*",
                "phpunit/phpunit": "^6.4"
            },
            "type": "library",
            "extra": {
                "branch-alias": {
                    "dev-master": "1.6.x-dev"
                }
            },
            "autoload": {
                "psr-4": {
                    "Doctrine\\Common\\Annotations\\": "lib/Doctrine/Common/Annotations"
                }
            },
            "notification-url": "https://packagist.org/downloads/",
            "license": [
                "MIT"
            ],
            "authors": [
                {
                    "name": "Roman Borschel",
                    "email": "roman@code-factory.org"
                },
                {
                    "name": "Benjamin Eberlei",
                    "email": "kontakt@beberlei.de"
                },
                {
                    "name": "Guilherme Blanco",
                    "email": "guilhermeblanco@gmail.com"
                },
                {
                    "name": "Jonathan Wage",
                    "email": "jonwage@gmail.com"
                },
                {
                    "name": "Johannes Schmitt",
                    "email": "schmittjoh@gmail.com"
                }
            ],
            "description": "Docblock Annotations Parser",
            "homepage": "http://www.doctrine-project.org",
            "keywords": [
                "annotations",
                "docblock",
                "parser"
            ],
            "time": "2019-03-25T19:12:02+00:00"
        },
        {
            "name": "doctrine/instantiator",
            "version": "1.2.0",
            "source": {
                "type": "git",
                "url": "https://github.com/doctrine/instantiator.git",
                "reference": "a2c590166b2133a4633738648b6b064edae0814a"
            },
            "dist": {
                "type": "zip",
                "url": "https://api.github.com/repos/doctrine/instantiator/zipball/a2c590166b2133a4633738648b6b064edae0814a",
                "reference": "a2c590166b2133a4633738648b6b064edae0814a",
                "shasum": ""
            },
            "require": {
                "php": "^7.1"
            },
            "require-dev": {
                "doctrine/coding-standard": "^6.0",
                "ext-pdo": "*",
                "ext-phar": "*",
                "phpbench/phpbench": "^0.13",
                "phpstan/phpstan-phpunit": "^0.11",
                "phpstan/phpstan-shim": "^0.11",
                "phpunit/phpunit": "^7.0"
            },
            "type": "library",
            "extra": {
                "branch-alias": {
                    "dev-master": "1.2.x-dev"
                }
            },
            "autoload": {
                "psr-4": {
                    "Doctrine\\Instantiator\\": "src/Doctrine/Instantiator/"
                }
            },
            "notification-url": "https://packagist.org/downloads/",
            "license": [
                "MIT"
            ],
            "authors": [
                {
                    "name": "Marco Pivetta",
                    "email": "ocramius@gmail.com",
                    "homepage": "http://ocramius.github.com/"
                }
            ],
            "description": "A small, lightweight utility to instantiate objects in PHP without invoking their constructors",
            "homepage": "https://www.doctrine-project.org/projects/instantiator.html",
            "keywords": [
                "constructor",
                "instantiate"
            ],
            "time": "2019-03-17T17:37:11+00:00"
        },
        {
            "name": "doctrine/lexer",
            "version": "1.1.0",
            "source": {
                "type": "git",
                "url": "https://github.com/doctrine/lexer.git",
                "reference": "e17f069ede36f7534b95adec71910ed1b49c74ea"
            },
            "dist": {
                "type": "zip",
                "url": "https://api.github.com/repos/doctrine/lexer/zipball/e17f069ede36f7534b95adec71910ed1b49c74ea",
                "reference": "e17f069ede36f7534b95adec71910ed1b49c74ea",
                "shasum": ""
            },
            "require": {
                "php": "^7.2"
            },
            "require-dev": {
                "doctrine/coding-standard": "^6.0",
                "phpstan/phpstan": "^0.11.8",
                "phpunit/phpunit": "^8.2"
            },
            "type": "library",
            "extra": {
                "branch-alias": {
                    "dev-master": "1.1.x-dev"
                }
            },
            "autoload": {
                "psr-4": {
                    "Doctrine\\Common\\Lexer\\": "lib/Doctrine/Common/Lexer"
                }
            },
            "notification-url": "https://packagist.org/downloads/",
            "license": [
                "MIT"
            ],
            "authors": [
                {
                    "name": "Guilherme Blanco",
                    "email": "guilhermeblanco@gmail.com"
                },
                {
                    "name": "Roman Borschel",
                    "email": "roman@code-factory.org"
                },
                {
                    "name": "Johannes Schmitt",
                    "email": "schmittjoh@gmail.com"
                }
            ],
            "description": "PHP Doctrine Lexer parser library that can be used in Top-Down, Recursive Descent Parsers.",
            "homepage": "https://www.doctrine-project.org/projects/lexer.html",
            "keywords": [
                "annotations",
                "docblock",
                "lexer",
                "parser",
                "php"
            ],
            "time": "2019-07-30T19:33:28+00:00"
        },
        {
            "name": "hoa/compiler",
            "version": "3.17.08.08",
            "source": {
                "type": "git",
                "url": "https://github.com/hoaproject/Compiler.git",
                "reference": "aa09caf0bf28adae6654ca6ee415ee2f522672de"
            },
            "dist": {
                "type": "zip",
                "url": "https://api.github.com/repos/hoaproject/Compiler/zipball/aa09caf0bf28adae6654ca6ee415ee2f522672de",
                "reference": "aa09caf0bf28adae6654ca6ee415ee2f522672de",
                "shasum": ""
            },
            "require": {
                "hoa/consistency": "~1.0",
                "hoa/exception": "~1.0",
                "hoa/file": "~1.0",
                "hoa/iterator": "~2.0",
                "hoa/math": "~1.0",
                "hoa/protocol": "~1.0",
                "hoa/regex": "~1.0",
                "hoa/visitor": "~2.0"
            },
            "require-dev": {
                "hoa/json": "~2.0",
                "hoa/test": "~2.0"
            },
            "type": "library",
            "extra": {
                "branch-alias": {
                    "dev-master": "3.x-dev"
                }
            },
            "autoload": {
                "psr-4": {
                    "Hoa\\Compiler\\": "."
                }
            },
            "notification-url": "https://packagist.org/downloads/",
            "license": [
                "BSD-3-Clause"
            ],
            "authors": [
                {
                    "name": "Ivan Enderlin",
                    "email": "ivan.enderlin@hoa-project.net"
                },
                {
                    "name": "Hoa community",
                    "homepage": "https://hoa-project.net/"
                }
            ],
            "description": "The Hoa\\Compiler library.",
            "homepage": "https://hoa-project.net/",
            "keywords": [
                "algebraic",
                "ast",
                "compiler",
                "context-free",
                "coverage",
                "exhaustive",
                "grammar",
                "isotropic",
                "language",
                "lexer",
                "library",
                "ll1",
                "llk",
                "parser",
                "pp",
                "random",
                "regular",
                "rule",
                "sampler",
                "syntax",
                "token",
                "trace",
                "uniform"
            ],
            "time": "2017-08-08T07:44:07+00:00"
        },
        {
            "name": "hoa/consistency",
            "version": "1.17.05.02",
            "source": {
                "type": "git",
                "url": "https://github.com/hoaproject/Consistency.git",
                "reference": "fd7d0adc82410507f332516faf655b6ed22e4c2f"
            },
            "dist": {
                "type": "zip",
                "url": "https://api.github.com/repos/hoaproject/Consistency/zipball/fd7d0adc82410507f332516faf655b6ed22e4c2f",
                "reference": "fd7d0adc82410507f332516faf655b6ed22e4c2f",
                "shasum": ""
            },
            "require": {
                "hoa/exception": "~1.0",
                "php": ">=5.5.0"
            },
            "require-dev": {
                "hoa/stream": "~1.0",
                "hoa/test": "~2.0"
            },
            "type": "library",
            "extra": {
                "branch-alias": {
                    "dev-master": "1.x-dev"
                }
            },
            "autoload": {
                "psr-4": {
                    "Hoa\\Consistency\\": "."
                },
                "files": [
                    "Prelude.php"
                ]
            },
            "notification-url": "https://packagist.org/downloads/",
            "license": [
                "BSD-3-Clause"
            ],
            "authors": [
                {
                    "name": "Ivan Enderlin",
                    "email": "ivan.enderlin@hoa-project.net"
                },
                {
                    "name": "Hoa community",
                    "homepage": "https://hoa-project.net/"
                }
            ],
            "description": "The Hoa\\Consistency library.",
            "homepage": "https://hoa-project.net/",
            "keywords": [
                "autoloader",
                "callable",
                "consistency",
                "entity",
                "flex",
                "keyword",
                "library"
            ],
            "time": "2017-05-02T12:18:12+00:00"
        },
        {
            "name": "hoa/event",
            "version": "1.17.01.13",
            "source": {
                "type": "git",
                "url": "https://github.com/hoaproject/Event.git",
                "reference": "6c0060dced212ffa3af0e34bb46624f990b29c54"
            },
            "dist": {
                "type": "zip",
                "url": "https://api.github.com/repos/hoaproject/Event/zipball/6c0060dced212ffa3af0e34bb46624f990b29c54",
                "reference": "6c0060dced212ffa3af0e34bb46624f990b29c54",
                "shasum": ""
            },
            "require": {
                "hoa/consistency": "~1.0",
                "hoa/exception": "~1.0"
            },
            "require-dev": {
                "hoa/test": "~2.0"
            },
            "type": "library",
            "extra": {
                "branch-alias": {
                    "dev-master": "1.x-dev"
                }
            },
            "autoload": {
                "psr-4": {
                    "Hoa\\Event\\": "."
                }
            },
            "notification-url": "https://packagist.org/downloads/",
            "license": [
                "BSD-3-Clause"
            ],
            "authors": [
                {
                    "name": "Ivan Enderlin",
                    "email": "ivan.enderlin@hoa-project.net"
                },
                {
                    "name": "Hoa community",
                    "homepage": "https://hoa-project.net/"
                }
            ],
            "description": "The Hoa\\Event library.",
            "homepage": "https://hoa-project.net/",
            "keywords": [
                "event",
                "library",
                "listener",
                "observer"
            ],
            "time": "2017-01-13T15:30:50+00:00"
        },
        {
            "name": "hoa/exception",
            "version": "1.17.01.16",
            "source": {
                "type": "git",
                "url": "https://github.com/hoaproject/Exception.git",
                "reference": "091727d46420a3d7468ef0595651488bfc3a458f"
            },
            "dist": {
                "type": "zip",
                "url": "https://api.github.com/repos/hoaproject/Exception/zipball/091727d46420a3d7468ef0595651488bfc3a458f",
                "reference": "091727d46420a3d7468ef0595651488bfc3a458f",
                "shasum": ""
            },
            "require": {
                "hoa/consistency": "~1.0",
                "hoa/event": "~1.0"
            },
            "require-dev": {
                "hoa/test": "~2.0"
            },
            "type": "library",
            "extra": {
                "branch-alias": {
                    "dev-master": "1.x-dev"
                }
            },
            "autoload": {
                "psr-4": {
                    "Hoa\\Exception\\": "."
                }
            },
            "notification-url": "https://packagist.org/downloads/",
            "license": [
                "BSD-3-Clause"
            ],
            "authors": [
                {
                    "name": "Ivan Enderlin",
                    "email": "ivan.enderlin@hoa-project.net"
                },
                {
                    "name": "Hoa community",
                    "homepage": "https://hoa-project.net/"
                }
            ],
            "description": "The Hoa\\Exception library.",
            "homepage": "https://hoa-project.net/",
            "keywords": [
                "exception",
                "library"
            ],
            "time": "2017-01-16T07:53:27+00:00"
        },
        {
            "name": "hoa/file",
            "version": "1.17.07.11",
            "source": {
                "type": "git",
                "url": "https://github.com/hoaproject/File.git",
                "reference": "35cb979b779bc54918d2f9a4e02ed6c7a1fa67ca"
            },
            "dist": {
                "type": "zip",
                "url": "https://api.github.com/repos/hoaproject/File/zipball/35cb979b779bc54918d2f9a4e02ed6c7a1fa67ca",
                "reference": "35cb979b779bc54918d2f9a4e02ed6c7a1fa67ca",
                "shasum": ""
            },
            "require": {
                "hoa/consistency": "~1.0",
                "hoa/event": "~1.0",
                "hoa/exception": "~1.0",
                "hoa/iterator": "~2.0",
                "hoa/stream": "~1.0"
            },
            "require-dev": {
                "hoa/test": "~2.0"
            },
            "type": "library",
            "extra": {
                "branch-alias": {
                    "dev-master": "1.x-dev"
                }
            },
            "autoload": {
                "psr-4": {
                    "Hoa\\File\\": "."
                }
            },
            "notification-url": "https://packagist.org/downloads/",
            "license": [
                "BSD-3-Clause"
            ],
            "authors": [
                {
                    "name": "Ivan Enderlin",
                    "email": "ivan.enderlin@hoa-project.net"
                },
                {
                    "name": "Hoa community",
                    "homepage": "https://hoa-project.net/"
                }
            ],
            "description": "The Hoa\\File library.",
            "homepage": "https://hoa-project.net/",
            "keywords": [
                "Socket",
                "directory",
                "file",
                "finder",
                "library",
                "link",
                "temporary"
            ],
            "time": "2017-07-11T07:42:15+00:00"
        },
        {
            "name": "hoa/iterator",
            "version": "2.17.01.10",
            "source": {
                "type": "git",
                "url": "https://github.com/hoaproject/Iterator.git",
                "reference": "d1120ba09cb4ccd049c86d10058ab94af245f0cc"
            },
            "dist": {
                "type": "zip",
                "url": "https://api.github.com/repos/hoaproject/Iterator/zipball/d1120ba09cb4ccd049c86d10058ab94af245f0cc",
                "reference": "d1120ba09cb4ccd049c86d10058ab94af245f0cc",
                "shasum": ""
            },
            "require": {
                "hoa/consistency": "~1.0",
                "hoa/exception": "~1.0"
            },
            "require-dev": {
                "hoa/test": "~2.0"
            },
            "type": "library",
            "extra": {
                "branch-alias": {
                    "dev-master": "2.x-dev"
                }
            },
            "autoload": {
                "psr-4": {
                    "Hoa\\Iterator\\": "."
                }
            },
            "notification-url": "https://packagist.org/downloads/",
            "license": [
                "BSD-3-Clause"
            ],
            "authors": [
                {
                    "name": "Ivan Enderlin",
                    "email": "ivan.enderlin@hoa-project.net"
                },
                {
                    "name": "Hoa community",
                    "homepage": "https://hoa-project.net/"
                }
            ],
            "description": "The Hoa\\Iterator library.",
            "homepage": "https://hoa-project.net/",
            "keywords": [
                "iterator",
                "library"
            ],
            "time": "2017-01-10T10:34:47+00:00"
        },
        {
            "name": "hoa/math",
            "version": "1.17.05.16",
            "source": {
                "type": "git",
                "url": "https://github.com/hoaproject/Math.git",
                "reference": "7150785d30f5d565704912116a462e9f5bc83a0c"
            },
            "dist": {
                "type": "zip",
                "url": "https://api.github.com/repos/hoaproject/Math/zipball/7150785d30f5d565704912116a462e9f5bc83a0c",
                "reference": "7150785d30f5d565704912116a462e9f5bc83a0c",
                "shasum": ""
            },
            "require": {
                "hoa/compiler": "~3.0",
                "hoa/consistency": "~1.0",
                "hoa/exception": "~1.0",
                "hoa/iterator": "~2.0",
                "hoa/protocol": "~1.0",
                "hoa/zformat": "~1.0"
            },
            "require-dev": {
                "hoa/test": "~2.0"
            },
            "type": "library",
            "extra": {
                "branch-alias": {
                    "dev-master": "1.x-dev"
                }
            },
            "autoload": {
                "psr-4": {
                    "Hoa\\Math\\": "."
                }
            },
            "notification-url": "https://packagist.org/downloads/",
            "license": [
                "BSD-3-Clause"
            ],
            "authors": [
                {
                    "name": "Ivan Enderlin",
                    "email": "ivan.enderlin@hoa-project.net"
                },
                {
                    "name": "Hoa community",
                    "homepage": "https://hoa-project.net/"
                }
            ],
            "description": "The Hoa\\Math library.",
            "homepage": "https://hoa-project.net/",
            "keywords": [
                "arrangement",
                "combination",
                "combinatorics",
                "counting",
                "library",
                "math",
                "permutation",
                "sampler",
                "set"
            ],
            "time": "2017-05-16T08:02:17+00:00"
        },
        {
            "name": "hoa/protocol",
            "version": "1.17.01.14",
            "source": {
                "type": "git",
                "url": "https://github.com/hoaproject/Protocol.git",
                "reference": "5c2cf972151c45f373230da170ea015deecf19e2"
            },
            "dist": {
                "type": "zip",
                "url": "https://api.github.com/repos/hoaproject/Protocol/zipball/5c2cf972151c45f373230da170ea015deecf19e2",
                "reference": "5c2cf972151c45f373230da170ea015deecf19e2",
                "shasum": ""
            },
            "require": {
                "hoa/consistency": "~1.0",
                "hoa/exception": "~1.0"
            },
            "require-dev": {
                "hoa/test": "~2.0"
            },
            "type": "library",
            "extra": {
                "branch-alias": {
                    "dev-master": "1.x-dev"
                }
            },
            "autoload": {
                "psr-4": {
                    "Hoa\\Protocol\\": "."
                },
                "files": [
                    "Wrapper.php"
                ]
            },
            "notification-url": "https://packagist.org/downloads/",
            "license": [
                "BSD-3-Clause"
            ],
            "authors": [
                {
                    "name": "Ivan Enderlin",
                    "email": "ivan.enderlin@hoa-project.net"
                },
                {
                    "name": "Hoa community",
                    "homepage": "https://hoa-project.net/"
                }
            ],
            "description": "The Hoa\\Protocol library.",
            "homepage": "https://hoa-project.net/",
            "keywords": [
                "library",
                "protocol",
                "resource",
                "stream",
                "wrapper"
            ],
            "time": "2017-01-14T12:26:10+00:00"
        },
        {
            "name": "hoa/regex",
            "version": "1.17.01.13",
            "source": {
                "type": "git",
                "url": "https://github.com/hoaproject/Regex.git",
                "reference": "7e263a61b6fb45c1d03d8e5ef77668518abd5bec"
            },
            "dist": {
                "type": "zip",
                "url": "https://api.github.com/repos/hoaproject/Regex/zipball/7e263a61b6fb45c1d03d8e5ef77668518abd5bec",
                "reference": "7e263a61b6fb45c1d03d8e5ef77668518abd5bec",
                "shasum": ""
            },
            "require": {
                "hoa/consistency": "~1.0",
                "hoa/exception": "~1.0",
                "hoa/math": "~1.0",
                "hoa/protocol": "~1.0",
                "hoa/ustring": "~4.0",
                "hoa/visitor": "~2.0"
            },
            "type": "library",
            "extra": {
                "branch-alias": {
                    "dev-master": "1.x-dev"
                }
            },
            "autoload": {
                "psr-4": {
                    "Hoa\\Regex\\": "."
                }
            },
            "notification-url": "https://packagist.org/downloads/",
            "license": [
                "BSD-3-Clause"
            ],
            "authors": [
                {
                    "name": "Ivan Enderlin",
                    "email": "ivan.enderlin@hoa-project.net"
                },
                {
                    "name": "Hoa community",
                    "homepage": "https://hoa-project.net/"
                }
            ],
            "description": "The Hoa\\Regex library.",
            "homepage": "https://hoa-project.net/",
            "keywords": [
                "compiler",
                "library",
                "regex"
            ],
            "time": "2017-01-13T16:10:24+00:00"
        },
        {
            "name": "hoa/stream",
            "version": "1.17.02.21",
            "source": {
                "type": "git",
                "url": "https://github.com/hoaproject/Stream.git",
                "reference": "3293cfffca2de10525df51436adf88a559151d82"
            },
            "dist": {
                "type": "zip",
                "url": "https://api.github.com/repos/hoaproject/Stream/zipball/3293cfffca2de10525df51436adf88a559151d82",
                "reference": "3293cfffca2de10525df51436adf88a559151d82",
                "shasum": ""
            },
            "require": {
                "hoa/consistency": "~1.0",
                "hoa/event": "~1.0",
                "hoa/exception": "~1.0",
                "hoa/protocol": "~1.0"
            },
            "require-dev": {
                "hoa/test": "~2.0"
            },
            "type": "library",
            "extra": {
                "branch-alias": {
                    "dev-master": "1.x-dev"
                }
            },
            "autoload": {
                "psr-4": {
                    "Hoa\\Stream\\": "."
                }
            },
            "notification-url": "https://packagist.org/downloads/",
            "license": [
                "BSD-3-Clause"
            ],
            "authors": [
                {
                    "name": "Ivan Enderlin",
                    "email": "ivan.enderlin@hoa-project.net"
                },
                {
                    "name": "Hoa community",
                    "homepage": "https://hoa-project.net/"
                }
            ],
            "description": "The Hoa\\Stream library.",
            "homepage": "https://hoa-project.net/",
            "keywords": [
                "Context",
                "bucket",
                "composite",
                "filter",
                "in",
                "library",
                "out",
                "protocol",
                "stream",
                "wrapper"
            ],
            "time": "2017-02-21T16:01:06+00:00"
        },
        {
            "name": "hoa/ustring",
            "version": "4.17.01.16",
            "source": {
                "type": "git",
                "url": "https://github.com/hoaproject/Ustring.git",
                "reference": "e6326e2739178799b1fe3fdd92029f9517fa17a0"
            },
            "dist": {
                "type": "zip",
                "url": "https://api.github.com/repos/hoaproject/Ustring/zipball/e6326e2739178799b1fe3fdd92029f9517fa17a0",
                "reference": "e6326e2739178799b1fe3fdd92029f9517fa17a0",
                "shasum": ""
            },
            "require": {
                "hoa/consistency": "~1.0",
                "hoa/exception": "~1.0"
            },
            "require-dev": {
                "hoa/test": "~2.0"
            },
            "suggest": {
                "ext-iconv": "ext/iconv must be present (or a third implementation) to use Hoa\\Ustring::transcode().",
                "ext-intl": "To get a better Hoa\\Ustring::toAscii() and Hoa\\Ustring::compareTo()."
            },
            "type": "library",
            "extra": {
                "branch-alias": {
                    "dev-master": "4.x-dev"
                }
            },
            "autoload": {
                "psr-4": {
                    "Hoa\\Ustring\\": "."
                }
            },
            "notification-url": "https://packagist.org/downloads/",
            "license": [
                "BSD-3-Clause"
            ],
            "authors": [
                {
                    "name": "Ivan Enderlin",
                    "email": "ivan.enderlin@hoa-project.net"
                },
                {
                    "name": "Hoa community",
                    "homepage": "https://hoa-project.net/"
                }
            ],
            "description": "The Hoa\\Ustring library.",
            "homepage": "https://hoa-project.net/",
            "keywords": [
                "library",
                "search",
                "string",
                "unicode"
            ],
            "time": "2017-01-16T07:08:25+00:00"
        },
        {
            "name": "hoa/visitor",
            "version": "2.17.01.16",
            "source": {
                "type": "git",
                "url": "https://github.com/hoaproject/Visitor.git",
                "reference": "c18fe1cbac98ae449e0d56e87469103ba08f224a"
            },
            "dist": {
                "type": "zip",
                "url": "https://api.github.com/repos/hoaproject/Visitor/zipball/c18fe1cbac98ae449e0d56e87469103ba08f224a",
                "reference": "c18fe1cbac98ae449e0d56e87469103ba08f224a",
                "shasum": ""
            },
            "require": {
                "hoa/consistency": "~1.0"
            },
            "require-dev": {
                "hoa/test": "~2.0"
            },
            "type": "library",
            "extra": {
                "branch-alias": {
                    "dev-master": "2.x-dev"
                }
            },
            "autoload": {
                "psr-4": {
                    "Hoa\\Visitor\\": "."
                }
            },
            "notification-url": "https://packagist.org/downloads/",
            "license": [
                "BSD-3-Clause"
            ],
            "authors": [
                {
                    "name": "Ivan Enderlin",
                    "email": "ivan.enderlin@hoa-project.net"
                },
                {
                    "name": "Hoa community",
                    "homepage": "https://hoa-project.net/"
                }
            ],
            "description": "The Hoa\\Visitor library.",
            "homepage": "https://hoa-project.net/",
            "keywords": [
                "library",
                "structure",
                "visit",
                "visitor"
            ],
            "time": "2017-01-16T07:02:03+00:00"
        },
        {
            "name": "hoa/zformat",
            "version": "1.17.01.10",
            "source": {
                "type": "git",
                "url": "https://github.com/hoaproject/Zformat.git",
                "reference": "522c381a2a075d4b9dbb42eb4592dd09520e4ac2"
            },
            "dist": {
                "type": "zip",
                "url": "https://api.github.com/repos/hoaproject/Zformat/zipball/522c381a2a075d4b9dbb42eb4592dd09520e4ac2",
                "reference": "522c381a2a075d4b9dbb42eb4592dd09520e4ac2",
                "shasum": ""
            },
            "require": {
                "hoa/consistency": "~1.0",
                "hoa/exception": "~1.0"
            },
            "type": "library",
            "extra": {
                "branch-alias": {
                    "dev-master": "1.x-dev"
                }
            },
            "autoload": {
                "psr-4": {
                    "Hoa\\Zformat\\": "."
                }
            },
            "notification-url": "https://packagist.org/downloads/",
            "license": [
                "BSD-3-Clause"
            ],
            "authors": [
                {
                    "name": "Ivan Enderlin",
                    "email": "ivan.enderlin@hoa-project.net"
                },
                {
                    "name": "Hoa community",
                    "homepage": "https://hoa-project.net/"
                }
            ],
            "description": "The Hoa\\Zformat library.",
            "homepage": "https://hoa-project.net/",
            "keywords": [
                "library",
                "parameter",
                "zformat"
            ],
            "time": "2017-01-10T10:39:54+00:00"
        },
        {
            "name": "jms/metadata",
            "version": "2.0.0",
            "source": {
                "type": "git",
                "url": "https://github.com/schmittjoh/metadata.git",
                "reference": "e918c3a65105f73b74d94a0837b9f7d611d5bf0c"
            },
            "dist": {
                "type": "zip",
                "url": "https://api.github.com/repos/schmittjoh/metadata/zipball/e918c3a65105f73b74d94a0837b9f7d611d5bf0c",
                "reference": "e918c3a65105f73b74d94a0837b9f7d611d5bf0c",
                "shasum": ""
            },
            "require": {
                "php": "^7.2"
            },
            "require-dev": {
                "doctrine/cache": "^1.0",
                "doctrine/coding-standard": "^4.0",
                "phpunit/phpunit": "^7.0",
                "symfony/cache": "^3.1|^4.0"
            },
            "type": "library",
            "extra": {
                "branch-alias": {
                    "dev-master": "2.x-dev"
                }
            },
            "autoload": {
                "psr-4": {
                    "Metadata\\": "src/"
                }
            },
            "notification-url": "https://packagist.org/downloads/",
            "license": [
                "MIT"
            ],
            "authors": [
                {
                    "name": "Asmir Mustafic",
                    "email": "goetas@gmail.com"
                },
                {
                    "name": "Johannes M. Schmitt",
                    "email": "schmittjoh@gmail.com"
                }
            ],
            "description": "Class/method/property metadata management in PHP",
            "keywords": [
                "annotations",
                "metadata",
                "xml",
                "yaml"
            ],
            "time": "2018-11-09T13:57:43+00:00"
        },
        {
            "name": "jms/serializer",
            "version": "2.0.0",
            "source": {
                "type": "git",
                "url": "https://github.com/schmittjoh/serializer.git",
                "reference": "4e92e317782bff77e5e2402ba0a0f06a6a932687"
            },
            "dist": {
                "type": "zip",
                "url": "https://api.github.com/repos/schmittjoh/serializer/zipball/4e92e317782bff77e5e2402ba0a0f06a6a932687",
                "reference": "4e92e317782bff77e5e2402ba0a0f06a6a932687",
                "shasum": ""
            },
            "require": {
                "doctrine/annotations": "^1.0",
                "doctrine/instantiator": "^1.0.3",
                "hoa/compiler": "^3.17.08.08",
                "jms/metadata": "^2.0",
                "php": "^7.2"
            },
            "conflict": {
                "hoa/consistency": "<1.17.05.02",
                "hoa/core": "*",
                "hoa/iterator": "<2.16.03.15"
            },
            "require-dev": {
                "doctrine/coding-standard": "^5.0",
                "doctrine/orm": "~2.1",
                "doctrine/phpcr-odm": "^1.3|^2.0",
                "ext-pdo_sqlite": "*",
                "jackalope/jackalope-doctrine-dbal": "^1.1.5",
                "phpunit/phpunit": "^7.1",
                "psr/container": "^1.0",
                "symfony/dependency-injection": "^3.0|^4.0",
                "symfony/expression-language": "^3.0|^4.0",
                "symfony/filesystem": "^3.0|^4.0",
                "symfony/form": "^3.0|^4.0",
                "symfony/translation": "^3.0|^4.0",
                "symfony/validator": "^3.1.9|^4.0",
                "symfony/yaml": "^3.3|^4.0",
                "twig/twig": "^1.12|^2.0"
            },
            "suggest": {
                "doctrine/cache": "Required if you like to use cache functionality.",
                "doctrine/collections": "Required if you like to use doctrine collection types as ArrayCollection.",
                "symfony/yaml": "Required if you'd like to use the YAML metadata format."
            },
            "type": "library",
            "extra": {
                "branch-alias": {
                    "dev-master": "2.0-dev"
                }
            },
            "autoload": {
                "psr-4": {
                    "JMS\\Serializer\\": "src/"
                }
            },
            "notification-url": "https://packagist.org/downloads/",
            "license": [
                "MIT"
            ],
            "authors": [
                {
                    "name": "Asmir Mustafic",
                    "email": "goetas@gmail.com"
                },
                {
                    "name": "Johannes M. Schmitt",
                    "email": "schmittjoh@gmail.com"
                }
            ],
            "description": "Library for (de-)serializing data of any complexity; supports XML, JSON, and YAML.",
            "homepage": "http://jmsyst.com/libs/serializer",
            "keywords": [
                "deserialization",
                "jaxb",
                "json",
                "serialization",
                "xml"
            ],
            "time": "2018-11-09T14:15:37+00:00"
        },
        {
            "name": "kriswallsmith/buzz",
            "version": "v0.15.2",
            "source": {
                "type": "git",
                "url": "https://github.com/kriswallsmith/Buzz.git",
                "reference": "d0b82d8a6169276f91f445c26792ff4a2b11e831"
            },
            "dist": {
                "type": "zip",
                "url": "https://api.github.com/repos/kriswallsmith/Buzz/zipball/d0b82d8a6169276f91f445c26792ff4a2b11e831",
                "reference": "d0b82d8a6169276f91f445c26792ff4a2b11e831",
                "shasum": ""
            },
            "require": {
                "php": "^5.3.3 || ^7.0"
            },
            "require-dev": {
                "symfony/phpunit-bridge": "^3.3"
            },
            "suggest": {
                "ext-curl": "*"
            },
            "type": "library",
            "autoload": {
                "psr-4": {
                    "Buzz\\": "lib/Buzz"
                }
            },
            "notification-url": "https://packagist.org/downloads/",
            "license": [
                "MIT"
            ],
            "authors": [
                {
                    "name": "Kris Wallsmith",
                    "email": "kris.wallsmith@gmail.com",
                    "homepage": "http://kriswallsmith.net/"
                }
            ],
            "description": "Lightweight HTTP client",
            "homepage": "https://github.com/kriswallsmith/Buzz",
            "keywords": [
                "curl",
                "http client"
            ],
            "time": "2017-11-24T19:18:50+00:00"
        },
        {
            "name": "ticketpark/saferpay-json-api",
            "version": "1.4.1",
            "source": {
                "type": "git",
                "url": "https://github.com/Ticketpark/SaferpayJsonApi.git",
                "reference": "74547487c33f3f285f5fa88f9212c8cdea4e348f"
            },
            "dist": {
                "type": "zip",
                "url": "https://api.github.com/repos/Ticketpark/SaferpayJsonApi/zipball/74547487c33f3f285f5fa88f9212c8cdea4e348f",
                "reference": "74547487c33f3f285f5fa88f9212c8cdea4e348f",
                "shasum": ""
            },
            "require": {
                "jms/serializer": "<=2.0",
                "kriswallsmith/buzz": "^0.15",
                "php": ">=5.6"
            },
            "require-dev": {
                "phpunit/phpunit": "5.7.3"
            },
            "type": "library",
            "autoload": {
                "psr-4": {
                    "Ticketpark\\SaferpayJson\\": "lib/SaferpayJson"
                }
            },
            "notification-url": "https://packagist.org/downloads/",
            "license": [
                "MIT"
            ],
            "authors": [
                {
                    "name": "Manuel Reinhard",
                    "email": "manuel.reinhard@ticketpark.ch"
                },
                {
                    "name": "Additional contributors",
                    "homepage": "https://github.com/Ticketpark/SaferpayJsonApi/graphs/contributors"
                }
            ],
            "description": "A php library to use the json api of Saferpay",
            "homepage": "https://github.com/Ticketpark/SaferpayJsonApi",
            "keywords": [
                "saferpay"
            ],
            "time": "2019-04-30T15:22:02+00:00"
        }
    ],
    "packages-dev": [
        {
            "name": "hamcrest/hamcrest-php",
            "version": "v2.0.0",
            "source": {
                "type": "git",
                "url": "https://github.com/hamcrest/hamcrest-php.git",
                "reference": "776503d3a8e85d4f9a1148614f95b7a608b046ad"
            },
            "dist": {
                "type": "zip",
                "url": "https://api.github.com/repos/hamcrest/hamcrest-php/zipball/776503d3a8e85d4f9a1148614f95b7a608b046ad",
                "reference": "776503d3a8e85d4f9a1148614f95b7a608b046ad",
                "shasum": ""
            },
            "require": {
                "php": "^5.3|^7.0"
            },
            "replace": {
                "cordoval/hamcrest-php": "*",
                "davedevelopment/hamcrest-php": "*",
                "kodova/hamcrest-php": "*"
            },
            "require-dev": {
                "phpunit/php-file-iterator": "1.3.3",
                "phpunit/phpunit": "~4.0",
                "satooshi/php-coveralls": "^1.0"
            },
            "type": "library",
            "extra": {
                "branch-alias": {
                    "dev-master": "2.0-dev"
                }
            },
            "autoload": {
                "classmap": [
                    "hamcrest"
                ]
            },
            "notification-url": "https://packagist.org/downloads/",
            "license": [
                "BSD"
            ],
            "description": "This is the PHP port of Hamcrest Matchers",
            "keywords": [
                "test"
            ],
            "time": "2016-01-20T08:20:44+00:00"
        },
        {
            "name": "mockery/mockery",
            "version": "1.2.2",
            "source": {
                "type": "git",
                "url": "https://github.com/mockery/mockery.git",
                "reference": "0eb0b48c3f07b3b89f5169ce005b7d05b18cf1d2"
            },
            "dist": {
                "type": "zip",
                "url": "https://api.github.com/repos/mockery/mockery/zipball/0eb0b48c3f07b3b89f5169ce005b7d05b18cf1d2",
                "reference": "0eb0b48c3f07b3b89f5169ce005b7d05b18cf1d2",
                "shasum": ""
            },
            "require": {
                "hamcrest/hamcrest-php": "~2.0",
                "lib-pcre": ">=7.0",
                "php": ">=5.6.0"
            },
            "require-dev": {
                "phpunit/phpunit": "~5.7.10|~6.5|~7.0|~8.0"
            },
            "type": "library",
            "extra": {
                "branch-alias": {
                    "dev-master": "1.0.x-dev"
                }
            },
            "autoload": {
                "psr-0": {
                    "Mockery": "library/"
                }
            },
            "notification-url": "https://packagist.org/downloads/",
            "license": [
                "BSD-3-Clause"
            ],
            "authors": [
                {
                    "name": "Pádraic Brady",
                    "email": "padraic.brady@gmail.com",
                    "homepage": "http://blog.astrumfutura.com"
                },
                {
                    "name": "Dave Marshall",
                    "email": "dave.marshall@atstsolutions.co.uk",
                    "homepage": "http://davedevelopment.co.uk"
                }
            ],
            "description": "Mockery is a simple yet flexible PHP mock object framework",
            "homepage": "https://github.com/mockery/mockery",
            "keywords": [
                "BDD",
                "TDD",
                "library",
                "mock",
                "mock objects",
                "mockery",
                "stub",
                "test",
                "test double",
                "testing"
            ],
            "time": "2019-02-13T09:37:52+00:00"
        }
    ],
    "aliases": [],
    "minimum-stability": "stable",
    "stability-flags": [],
    "prefer-stable": false,
    "prefer-lowest": false,
    "platform": [],
    "platform-dev": []
}
